
Microsoft Visual Studio Solution File, Format Version 12.00
# Visual Studio Version 17
VisualStudioVersion = 17.13.35931.197
MinimumVisualStudioVersion = 10.0.40219.1
Project("{FAE04EC0-301F-11D3-BF4B-00C04F79EFBC}") = "Nullable", "Nullable\Nullable.csproj", "{16C11B84-BF77-4B0B-A785-A3D63C9CB8D2}"
EndProject
Project("{FAE04EC0-301F-11D3-BF4B-00C04F79EFBC}") = "NullableV2", "NullableV2\NullableV2.csproj", "{3E392F2A-3771-4359-AEB6-68A81BBEDA71}"
EndProject
Global
	GlobalSection(SolutionConfigurationPlatforms) = preSolution
		Debug|Any CPU = Debug|Any CPU
		Release|Any CPU = Release|Any CPU
	EndGlobalSection
	GlobalSection(ProjectConfigurationPlatforms) = postSolution
		{16C11B84-BF77-4B0B-A785-A3D63C9CB8D2}.Debug|Any CPU.ActiveCfg = Debug|Any CPU
		{16C11B84-BF77-4B0B-A785-A3D63C9CB8D2}.Debug|Any CPU.Build.0 = Debug|Any CPU
		{16C11B84-BF77-4B0B-A785-A3D63C9CB8D2}.Release|Any CPU.ActiveCfg = Release|Any CPU
		{16C11B84-BF77-4B0B-A785-A3D63C9CB8D2}.Release|Any CPU.Build.0 = Release|Any CPU
		{3E392F2A-3771-4359-AEB6-68A81BBEDA71}.Debug|Any CPU.ActiveCfg = Debug|Any CPU
		{3E392F2A-3771-4359-AEB6-68A81BBEDA71}.Debug|Any CPU.Build.0 = Debug|Any CPU
		{3E392F2A-3771-4359-AEB6-68A81BBEDA71}.Release|Any CPU.ActiveCfg = Release|Any CPU
		{3E392F2A-3771-4359-AEB6-68A81BBEDA71}.Release|Any CPU.Build.0 = Release|Any CPU
	EndGlobalSection
	GlobalSection(SolutionProperties) = preSolution
		HideSolutionNode = FALSE
	EndGlobalSection
	GlobalSection(ExtensibilityGlobals) = postSolution
		SolutionGuid = {C7BB25F8-D0F4-47D0-8AEB-B48153CB7F44}
	EndGlobalSection
EndGlobal
